
Microsoft Visual Studio Solution File, Format Version 12.00
# Visual Studio Version 16
VisualStudioVersion = 16.0.28922.388
MinimumVisualStudioVersion = 10.0.40219.1
Project("{FAE04EC0-301F-11D3-BF4B-00C04F79EFBC}") = "pruebaweb1", "pruebaweb1\pruebaweb1.csproj", "{7D83FEA2-6821-4E65-825A-273BCE9EB5E3}"
EndProject
Global
	GlobalSection(SolutionConfigurationPlatforms) = preSolution
		Debug|Any CPU = Debug|Any CPU
		Release|Any CPU = Release|Any CPU
	EndGlobalSection
	GlobalSection(ProjectConfigurationPlatforms) = postSolution
		{7D83FEA2-6821-4E65-825A-273BCE9EB5E3}.Debug|Any CPU.ActiveCfg = Debug|Any CPU
		{7D83FEA2-6821-4E65-825A-273BCE9EB5E3}.Debug|Any CPU.Build.0 = Debug|Any CPU
		{7D83FEA2-6821-4E65-825A-273BCE9EB5E3}.Release|Any CPU.ActiveCfg = Release|Any CPU
		{7D83FEA2-6821-4E65-825A-273BCE9EB5E3}.Release|Any CPU.Build.0 = Release|Any CPU
	EndGlobalSection
	GlobalSection(SolutionProperties) = preSolution
		HideSolutionNode = FALSE
	EndGlobalSection
	GlobalSection(ExtensibilityGlobals) = postSolution
		SolutionGuid = {D436E89D-2529-464E-B151-22AF2F798B65}
	EndGlobalSection
EndGlobal
