
Microsoft Visual Studio Solution File, Format Version 12.00
# Visual Studio Version 16
VisualStudioVersion = 16.0.28922.388
MinimumVisualStudioVersion = 10.0.40219.1
Project("{FAE04EC0-301F-11D3-BF4B-00C04F79EFBC}") = "Videojuegos", "Videojuegos\Videojuegos.csproj", "{AA21B81A-BD7E-49AE-A62B-C31958BD8C7B}"
EndProject
Global
	GlobalSection(SolutionConfigurationPlatforms) = preSolution
		Debug|Any CPU = Debug|Any CPU
		Release|Any CPU = Release|Any CPU
	EndGlobalSection
	GlobalSection(ProjectConfigurationPlatforms) = postSolution
		{AA21B81A-BD7E-49AE-A62B-C31958BD8C7B}.Debug|Any CPU.ActiveCfg = Debug|Any CPU
		{AA21B81A-BD7E-49AE-A62B-C31958BD8C7B}.Debug|Any CPU.Build.0 = Debug|Any CPU
		{AA21B81A-BD7E-49AE-A62B-C31958BD8C7B}.Release|Any CPU.ActiveCfg = Release|Any CPU
		{AA21B81A-BD7E-49AE-A62B-C31958BD8C7B}.Release|Any CPU.Build.0 = Release|Any CPU
	EndGlobalSection
	GlobalSection(SolutionProperties) = preSolution
		HideSolutionNode = FALSE
	EndGlobalSection
	GlobalSection(ExtensibilityGlobals) = postSolution
		SolutionGuid = {4E16B113-B945-4C36-BEAE-BC0D47760E0A}
	EndGlobalSection
EndGlobal
